
Microsoft Visual Studio Solution File, Format Version 12.00
# Visual Studio Version 17
VisualStudioVersion = 17.4.33213.308
MinimumVisualStudioVersion = 10.0.40219.1
Project("{9A19103F-16F7-4668-BE54-9A1E7A4F7556}") = "ConsoleAppProject", "ConsoleAppProject\ConsoleAppProject.csproj", "{C0C498FD-1AE4-4CE0-A050-C1E08874D1C5}"
EndProject
Project("{9A19103F-16F7-4668-BE54-9A1E7A4F7556}") = "ConsoleAppUnitTest1", "ConsoleAppUnitTest1\ConsoleAppUnitTest1.csproj", "{AD312DEE-3473-4E46-8EA5-0906837D8BA7}"
EndProject
Project("{9A19103F-16F7-4668-BE54-9A1E7A4F7556}") = "TestProject3", "TestProject3\TestProject3.csproj", "{FC938333-3B76-4D7D-8A48-F289999F7120}"
EndProject
Project("{FAE04EC0-301F-11D3-BF4B-00C04F79EFBC}") = "Social Network", "Social Network\Social Network.csproj", "{93C7999C-A91D-4E5C-913C-43BB2230C049}"
EndProject
Global
	GlobalSection(SolutionConfigurationPlatforms) = preSolution
		Debug|Any CPU = Debug|Any CPU
		Release|Any CPU = Release|Any CPU
	EndGlobalSection
	GlobalSection(ProjectConfigurationPlatforms) = postSolution
		{C0C498FD-1AE4-4CE0-A050-C1E08874D1C5}.Debug|Any CPU.ActiveCfg = Debug|Any CPU
		{C0C498FD-1AE4-4CE0-A050-C1E08874D1C5}.Debug|Any CPU.Build.0 = Debug|Any CPU
		{C0C498FD-1AE4-4CE0-A050-C1E08874D1C5}.Release|Any CPU.ActiveCfg = Release|Any CPU
		{C0C498FD-1AE4-4CE0-A050-C1E08874D1C5}.Release|Any CPU.Build.0 = Release|Any CPU
		{AD312DEE-3473-4E46-8EA5-0906837D8BA7}.Debug|Any CPU.ActiveCfg = Debug|Any CPU
		{AD312DEE-3473-4E46-8EA5-0906837D8BA7}.Debug|Any CPU.Build.0 = Debug|Any CPU
		{AD312DEE-3473-4E46-8EA5-0906837D8BA7}.Release|Any CPU.ActiveCfg = Release|Any CPU
		{AD312DEE-3473-4E46-8EA5-0906837D8BA7}.Release|Any CPU.Build.0 = Release|Any CPU
		{FC938333-3B76-4D7D-8A48-F289999F7120}.Debug|Any CPU.ActiveCfg = Debug|Any CPU
		{FC938333-3B76-4D7D-8A48-F289999F7120}.Debug|Any CPU.Build.0 = Debug|Any CPU
		{FC938333-3B76-4D7D-8A48-F289999F7120}.Release|Any CPU.ActiveCfg = Release|Any CPU
		{FC938333-3B76-4D7D-8A48-F289999F7120}.Release|Any CPU.Build.0 = Release|Any CPU
		{93C7999C-A91D-4E5C-913C-43BB2230C049}.Debug|Any CPU.ActiveCfg = Debug|Any CPU
		{93C7999C-A91D-4E5C-913C-43BB2230C049}.Debug|Any CPU.Build.0 = Debug|Any CPU
		{93C7999C-A91D-4E5C-913C-43BB2230C049}.Release|Any CPU.ActiveCfg = Release|Any CPU
		{93C7999C-A91D-4E5C-913C-43BB2230C049}.Release|Any CPU.Build.0 = Release|Any CPU
	EndGlobalSection
	GlobalSection(SolutionProperties) = preSolution
		HideSolutionNode = FALSE
	EndGlobalSection
	GlobalSection(ExtensibilityGlobals) = postSolution
		SolutionGuid = {43EA8D92-214D-413A-8603-4CBF2D8AB60F}
	EndGlobalSection
EndGlobal
